// !$*UTF8*$!
{
	archiveVersion = 1;
	classes = {
	};
	objectVersion = 46;
	objects = {

/* Begin PBXBuildFile section */
		B7C06C9F18A2A69000D69BDC /* Cocoa.framework in Frameworks */ = {isa = PBXBuildFile; fileRef = B7C06C9E18A2A69000D69BDC /* Cocoa.framework */; };
		B7C06CA918A2A69000D69BDC /* InfoPlist.strings in Resources */ = {isa = PBXBuildFile; fileRef = B7C06CA718A2A69000D69BDC /* InfoPlist.strings */; };
		B7C06CAB18A2A69000D69BDC /* main.m in Sources */ = {isa = PBXBuildFile; fileRef = B7C06CAA18A2A69000D69BDC /* main.m */; };
		B7C06CAF18A2A69000D69BDC /* Credits.rtf in Resources */ = {isa = PBXBuildFile; fileRef = B7C06CAD18A2A69000D69BDC /* Credits.rtf */; };
		B7C06CB218A2A69000D69BDC /* AppDelegate.m in Sources */ = {isa = PBXBuildFile; fileRef = B7C06CB118A2A69000D69BDC /* AppDelegate.m */; };
		B7C06CB518A2A69000D69BDC /* MainMenu.xib in Resources */ = {isa = PBXBuildFile; fileRef = B7C06CB318A2A69000D69BDC /* MainMenu.xib */; };
		B7C06CD318A2A7CC00D69BDC /* AddressBook.framework in Frameworks */ = {isa = PBXBuildFile; fileRef = B7C06CD218A2A7CC00D69BDC /* AddressBook.framework */; };
		B7E5255619EF20F900CC746A /* Images.xcassets in Resources */ = {isa = PBXBuildFile; fileRef = B7E5255519EF20F900CC746A /* Images.xcassets */; };
/* End PBXBuildFile section */

/* Begin PBXFileReference section */
		B7C06C9B18A2A69000D69BDC /* ContactsManager.app */ = {isa = PBXFileReference; explicitFileType = wrapper.application; includeInIndex = 0; path = ContactsManager.app; sourceTree = BUILT_PRODUCTS_DIR; };
		B7C06C9E18A2A69000D69BDC /* Cocoa.framework */ = {isa = PBXFileReference; lastKnownFileType = wrapper.framework; name = Cocoa.framework; path = System/Library/Frameworks/Cocoa.framework; sourceTree = SDKROOT; };
		B7C06CA118A2A69000D69BDC /* AppKit.framework */ = {isa = PBXFileReference; lastKnownFileType = wrapper.framework; name = AppKit.framework; path = System/Library/Frameworks/AppKit.framework; sourceTree = SDKROOT; };
		B7C06CA218A2A69000D69BDC /* CoreData.framework */ = {isa = PBXFileReference; lastKnownFileType = wrapper.framework; name = CoreData.framework; path = System/Library/Frameworks/CoreData.framework; sourceTree = SDKROOT; };
		B7C06CA318A2A69000D69BDC /* Foundation.framework */ = {isa = PBXFileReference; lastKnownFileType = wrapper.framework; name = Foundation.framework; path = System/Library/Frameworks/Foundation.framework; sourceTree = SDKROOT; };
		B7C06CA618A2A69000D69BDC /* ContactsManager-Info.plist */ = {isa = PBXFileReference; lastKnownFileType = text.plist.xml; path = "ContactsManager-Info.plist"; sourceTree = "<group>"; };
		B7C06CA818A2A69000D69BDC /* en */ = {isa = PBXFileReference; lastKnownFileType = text.plist.strings; name = en; path = en.lproj/InfoPlist.strings; sourceTree = "<group>"; };
		B7C06CAA18A2A69000D69BDC /* main.m */ = {isa = PBXFileReference; lastKnownFileType = sourcecode.c.objc; path = main.m; sourceTree = "<group>"; };
		B7C06CAC18A2A69000D69BDC /* ContactsManager-Prefix.pch */ = {isa = PBXFileReference; lastKnownFileType = sourcecode.c.h; path = "ContactsManager-Prefix.pch"; sourceTree = "<group>"; };
		B7C06CAE18A2A69000D69BDC /* en */ = {isa = PBXFileReference; lastKnownFileType = text.rtf; name = en; path = en.lproj/Credits.rtf; sourceTree = "<group>"; };
		B7C06CB018A2A69000D69BDC /* AppDelegate.h */ = {isa = PBXFileReference; lastKnownFileType = sourcecode.c.h; path = AppDelegate.h; sourceTree = "<group>"; };
		B7C06CB118A2A69000D69BDC /* AppDelegate.m */ = {isa = PBXFileReference; lastKnownFileType = sourcecode.c.objc; path = AppDelegate.m; sourceTree = "<group>"; };
		B7C06CB418A2A69000D69BDC /* Base */ = {isa = PBXFileReference; lastKnownFileType = file.xib; name = Base; path = Base.lproj/MainMenu.xib; sourceTree = "<group>"; };
		B7C06CD218A2A7CC00D69BDC /* AddressBook.framework */ = {isa = PBXFileReference; lastKnownFileType = wrapper.framework; name = AddressBook.framework; path = System/Library/Frameworks/AddressBook.framework; sourceTree = SDKROOT; };
		B7E5255519EF20F900CC746A /* Images.xcassets */ = {isa = PBXFileReference; lastKnownFileType = folder.assetcatalog; path = Images.xcassets; sourceTree = "<group>"; };
/* End PBXFileReference section */

/* Begin PBXFrameworksBuildPhase section */
		B7C06C9818A2A69000D69BDC /* Frameworks */ = {
			isa = PBXFrameworksBuildPhase;
			buildActionMask = 2147483647;
			files = (
				B7C06CD318A2A7CC00D69BDC /* AddressBook.framework in Frameworks */,
				B7C06C9F18A2A69000D69BDC /* Cocoa.framework in Frameworks */,
			);
			runOnlyForDeploymentPostprocessing = 0;
		};
/* End PBXFrameworksBuildPhase section */

/* Begin PBXGroup section */
		B7C06C9218A2A69000D69BDC = {
			isa = PBXGroup;
			children = (
				B7C06CA418A2A69000D69BDC /* ContactsManager */,
				B7C06C9D18A2A69000D69BDC /* Frameworks */,
				B7C06C9C18A2A69000D69BDC /* Products */,
			);
			sourceTree = "<group>";
		};
		B7C06C9C18A2A69000D69BDC /* Products */ = {
			isa = PBXGroup;
			children = (
				B7C06C9B18A2A69000D69BDC /* ContactsManager.app */,
			);
			name = Products;
			sourceTree = "<group>";
		};
		B7C06C9D18A2A69000D69BDC /* Frameworks */ = {
			isa = PBXGroup;
			children = (
				B7C06CD218A2A7CC00D69BDC /* AddressBook.framework */,
				B7C06C9E18A2A69000D69BDC /* Cocoa.framework */,
				B7C06CA018A2A69000D69BDC /* Other Frameworks */,
			);
			name = Frameworks;
			sourceTree = "<group>";
		};
		B7C06CA018A2A69000D69BDC /* Other Frameworks */ = {
			isa = PBXGroup;
			children = (
				B7C06CA118A2A69000D69BDC /* AppKit.framework */,
				B7C06CA218A2A69000D69BDC /* CoreData.framework */,
				B7C06CA318A2A69000D69BDC /* Foundation.framework */,
			);
			name = "Other Frameworks";
			sourceTree = "<group>";
		};
		B7C06CA418A2A69000D69BDC /* ContactsManager */ = {
			isa = PBXGroup;
			children = (
				B7C06CB018A2A69000D69BDC /* AppDelegate.h */,
				B7C06CB118A2A69000D69BDC /* AppDelegate.m */,
				B7C06CB318A2A69000D69BDC /* MainMenu.xib */,
				B7E5255519EF20F900CC746A /* Images.xcassets */,
				B7C06CA518A2A69000D69BDC /* Supporting Files */,
			);
			path = ContactsManager;
			sourceTree = "<group>";
		};
		B7C06CA518A2A69000D69BDC /* Supporting Files */ = {
			isa = PBXGroup;
			children = (
				B7C06CA618A2A69000D69BDC /* ContactsManager-Info.plist */,
				B7C06CA718A2A69000D69BDC /* InfoPlist.strings */,
				B7C06CAA18A2A69000D69BDC /* main.m */,
				B7C06CAC18A2A69000D69BDC /* ContactsManager-Prefix.pch */,
				B7C06CAD18A2A69000D69BDC /* Credits.rtf */,
			);
			name = "Supporting Files";
			sourceTree = "<group>";
		};
/* End PBXGroup section */

/* Begin PBXNativeTarget section */
		B7C06C9A18A2A69000D69BDC /* ContactsManager */ = {
			isa = PBXNativeTarget;
			buildConfigurationList = B7C06CCC18A2A69000D69BDC /* Build configuration list for PBXNativeTarget "ContactsManager" */;
			buildPhases = (
				B7C06C9718A2A69000D69BDC /* Sources */,
				B7C06C9818A2A69000D69BDC /* Frameworks */,
				B7C06C9918A2A69000D69BDC /* Resources */,
			);
			buildRules = (
			);
			dependencies = (
			);
			name = ContactsManager;
			productName = ContactsManager;
			productReference = B7C06C9B18A2A69000D69BDC /* ContactsManager.app */;
			productType = "com.apple.product-type.application";
		};
/* End PBXNativeTarget section */

/* Begin PBXProject section */
		B7C06C9318A2A69000D69BDC /* Project object */ = {
			isa = PBXProject;
			attributes = {
				LastUpgradeCheck = 0500;
				ORGANIZATIONNAME = "Zeyue Chen";
			};
			buildConfigurationList = B7C06C9618A2A69000D69BDC /* Build configuration list for PBXProject "ContactsManager" */;
			compatibilityVersion = "Xcode 3.2";
			developmentRegion = English;
			hasScannedForEncodings = 0;
			knownRegions = (
				en,
				Base,
			);
			mainGroup = B7C06C9218A2A69000D69BDC;
			productRefGroup = B7C06C9C18A2A69000D69BDC /* Products */;
			projectDirPath = "";
			projectRoot = "";
			targets = (
				B7C06C9A18A2A69000D69BDC /* ContactsManager */,
			);
		};
/* End PBXProject section */

/* Begin PBXResourcesBuildPhase section */
		B7C06C9918A2A69000D69BDC /* Resources */ = {
			isa = PBXResourcesBuildPhase;
			buildActionMask = 2147483647;
			files = (
				B7C06CA918A2A69000D69BDC /* InfoPlist.strings in Resources */,
				B7E5255619EF20F900CC746A /* Images.xcassets in Resources */,
				B7C06CAF18A2A69000D69BDC /* Credits.rtf in Resources */,
				B7C06CB518A2A69000D69BDC /* MainMenu.xib in Resources */,
			);
			runOnlyForDeploymentPostprocessing = 0;
		};
/* End PBXResourcesBuildPhase section */

/* Begin PBXSourcesBuildPhase section */
		B7C06C9718A2A69000D69BDC /* Sources */ = {
			isa = PBXSourcesBuildPhase;
			buildActionMask = 2147483647;
			files = (
				B7C06CB218A2A69000D69BDC /* AppDelegate.m in Sources */,
				B7C06CAB18A2A69000D69BDC /* main.m in Sources */,
			);
			runOnlyForDeploymentPostprocessing = 0;
		};
/* End PBXSourcesBuildPhase section */

/* Begin PBXVariantGroup section */
		B7C06CA718A2A69000D69BDC /* InfoPlist.strings */ = {
			isa = PBXVariantGroup;
			children = (
				B7C06CA818A2A69000D69BDC /* en */,
			);
			name = InfoPlist.strings;
			sourceTree = "<group>";
		};
		B7C06CAD18A2A69000D69BDC /* Credits.rtf */ = {
			isa = PBXVariantGroup;
			children = (
				B7C06CAE18A2A69000D69BDC /* en */,
			);
			name = Credits.rtf;
			sourceTree = "<group>";
		};
		B7C06CB318A2A69000D69BDC /* MainMenu.xib */ = {
			isa = PBXVariantGroup;
			children = (
				B7C06CB418A2A69000D69BDC /* Base */,
			);
			name = MainMenu.xib;
			sourceTree = "<group>";
		};
/* End PBXVariantGroup section */

/* Begin XCBuildConfiguration section */
		B7C06CCA18A2A69000D69BDC /* Debug */ = {
			isa = XCBuildConfiguration;
			buildSettings = {
				ALWAYS_SEARCH_USER_PATHS = NO;
				CLANG_CXX_LANGUAGE_STANDARD = "gnu++0x";
				CLANG_CXX_LIBRARY = "libc++";
				CLANG_ENABLE_OBJC_ARC = YES;
				CLANG_WARN_BOOL_CONVERSION = YES;
				CLANG_WARN_CONSTANT_CONVERSION = YES;
				CLANG_WARN_DIRECT_OBJC_ISA_USAGE = YES_ERROR;
				CLANG_WARN_EMPTY_BODY = YES;
				CLANG_WARN_ENUM_CONVERSION = YES;
				CLANG_WARN_INT_CONVERSION = YES;
				CLANG_WARN_OBJC_ROOT_CLASS = YES_ERROR;
				CLANG_WARN__DUPLICATE_METHOD_MATCH = YES;
				COPY_PHASE_STRIP = NO;
				GCC_C_LANGUAGE_STANDARD = gnu99;
				GCC_DYNAMIC_NO_PIC = NO;
				GCC_ENABLE_OBJC_EXCEPTIONS = YES;
				GCC_OPTIMIZATION_LEVEL = 0;
				GCC_PREPROCESSOR_DEFINITIONS = (
					"DEBUG=1",
					"$(inherited)",
				);
				GCC_SYMBOLS_PRIVATE_EXTERN = NO;
				GCC_WARN_64_TO_32_BIT_CONVERSION = YES;
				GCC_WARN_ABOUT_RETURN_TYPE = YES_ERROR;
				GCC_WARN_UNDECLARED_SELECTOR = YES;
				GCC_WARN_UNINITIALIZED_AUTOS = YES;
				GCC_WARN_UNUSED_FUNCTION = YES;
				GCC_WARN_UNUSED_VARIABLE = YES;
				MACOSX_DEPLOYMENT_TARGET = 10.9;
				ONLY_ACTIVE_ARCH = YES;
				SDKROOT = macosx;
			};
			name = Debug;
		};
		B7C06CCB18A2A69000D69BDC /* Release */ = {
			isa = XCBuildConfiguration;
			buildSettings = {
				ALWAYS_SEARCH_USER_PATHS = NO;
				CLANG_CXX_LANGUAGE_STANDARD = "gnu++0x";
				CLANG_CXX_LIBRARY = "libc++";
				CLANG_ENABLE_OBJC_ARC = YES;
				CLANG_WARN_BOOL_CONVERSION = YES;
				CLANG_WARN_CONSTANT_CONVERSION = YES;
				CLANG_WARN_DIRECT_OBJC_ISA_USAGE = YES_ERROR;
				CLANG_WARN_EMPTY_BODY = YES;
				CLANG_WARN_ENUM_CONVERSION = YES;
				CLANG_WARN_INT_CONVERSION = YES;
				CLANG_WARN_OBJC_ROOT_CLASS = YES_ERROR;
				CLANG_WARN__DUPLICATE_METHOD_MATCH = YES;
				COPY_PHASE_STRIP = YES;
				DEBUG_INFORMATION_FORMAT = "dwarf-with-dsym";
				ENABLE_NS_ASSERTIONS = NO;
				GCC_C_LANGUAGE_STANDARD = gnu99;
				GCC_ENABLE_OBJC_EXCEPTIONS = YES;
				GCC_WARN_64_TO_32_BIT_CONVERSION = YES;
				GCC_WARN_ABOUT_RETURN_TYPE = YES_ERROR;
				GCC_WARN_UNDECLARED_SELECTOR = YES;
				GCC_WARN_UNINITIALIZED_AUTOS = YES;
				GCC_WARN_UNUSED_FUNCTION = YES;
				GCC_WARN_UNUSED_VARIABLE = YES;
				MACOSX_DEPLOYMENT_TARGET = 10.9;
				SDKROOT = macosx;
			};
			name = Release;
		};
		B7C06CCD18A2A69000D69BDC /* Debug */ = {
			isa = XCBuildConfiguration;
			buildSettings = {
				ASSETCATALOG_COMPILER_APPICON_NAME = AppIcon;
				COMBINE_HIDPI_IMAGES = YES;
				GCC_PRECOMPILE_PREFIX_HEADER = YES;
				GCC_PREFIX_HEADER = "ContactsManager/ContactsManager-Prefix.pch";
				INFOPLIST_FILE = "ContactsManager/ContactsManager-Info.plist";
				PRODUCT_NAME = "$(TARGET_NAME)";
				WRAPPER_EXTENSION = app;
			};
			name = Debug;
		};
		B7C06CCE18A2A69000D69BDC /* Release */ = {
			isa = XCBuildConfiguration;
			buildSettings = {
				ASSETCATALOG_COMPILER_APPICON_NAME = AppIcon;
				COMBINE_HIDPI_IMAGES = YES;
				GCC_PRECOMPILE_PREFIX_HEADER = YES;
				GCC_PREFIX_HEADER = "ContactsManager/ContactsManager-Prefix.pch";
				INFOPLIST_FILE = "ContactsManager/ContactsManager-Info.plist";
				PRODUCT_NAME = "$(TARGET_NAME)";
				WRAPPER_EXTENSION = app;
			};
			name = Release;
		};
/* End XCBuildConfiguration section */

/* Begin XCConfigurationList section */
		B7C06C9618A2A69000D69BDC /* Build configuration list for PBXProject "ContactsManager" */ = {
			isa = XCConfigurationList;
			buildConfigurations = (
				B7C06CCA18A2A69000D69BDC /* Debug */,
				B7C06CCB18A2A69000D69BDC /* Release */,
			);
			defaultConfigurationIsVisible = 0;
			defaultConfigurationName = Release;
		};
		B7C06CCC18A2A69000D69BDC /* Build configuration list for PBXNativeTarget "ContactsManager" */ = {
			isa = XCConfigurationList;
			buildConfigurations = (
				B7C06CCD18A2A69000D69BDC /* Debug */,
				B7C06CCE18A2A69000D69BDC /* Release */,
			);
			defaultConfigurationIsVisible = 0;
			defaultConfigurationName = Release;
		};
/* End XCConfigurationList section */
	};
	rootObject = B7C06C9318A2A69000D69BDC /* Project object */;
}
